
Microsoft Visual Studio Solution File, Format Version 12.00
# Visual Studio Version 17
VisualStudioVersion = 17.11.35222.181
MinimumVisualStudioVersion = 10.0.40219.1
Project("{2150E333-8FDC-42A3-9474-1A3956D46DE8}") = "src", "src", "{E5AEC538-D6FB-4600-8B36-DE6AD493B7D0}"
EndProject
Project("{2150E333-8FDC-42A3-9474-1A3956D46DE8}") = "ApiGateways", "ApiGateways", "{FA236D17-0446-4CB9-9246-A75560A93CAA}"
EndProject
Project("{2150E333-8FDC-42A3-9474-1A3956D46DE8}") = "BuildingBlocks", "BuildingBlocks", "{3497F2B8-9E4E-4E64-A740-0CBA20A32AFE}"
EndProject
Project("{2150E333-8FDC-42A3-9474-1A3956D46DE8}") = "WebApps", "WebApps", "{E038E009-73B0-4E48-B79F-CE9217FD39AF}"
EndProject
Project("{2150E333-8FDC-42A3-9474-1A3956D46DE8}") = "Services", "Services", "{564BC925-4346-4D8E-88D9-66489EA4B9CE}"
EndProject
Project("{2150E333-8FDC-42A3-9474-1A3956D46DE8}") = "Solutions", "Solutions", "{2B9A1E34-12B7-4DE9-A309-FF7C196E5B94}"
	ProjectSection(SolutionItems) = preProject
		src\docker-compose.override.yml = src\docker-compose.override.yml
		src\docker-compose.yml = src\docker-compose.yml
		global.json = global.json
		README.md = README.md
	EndProjectSection
EndProject
Project("{9A19103F-16F7-4668-BE54-9A1E7A4F7556}") = "Common.Logging", "src\BuildingBlocks\Common.Logging\Common.Logging.csproj", "{FA5BC64B-319A-4424-99B0-11713B93A1DE}"
EndProject
Project("{9A19103F-16F7-4668-BE54-9A1E7A4F7556}") = "EventBus.Message", "src\BuildingBlocks\EventBus.Message\EventBus.Message.csproj", "{721F20BC-48E8-4EC2-AD96-5559A41F44BE}"
EndProject
Project("{9A19103F-16F7-4668-BE54-9A1E7A4F7556}") = "WebStatus", "src\WebApps\WebStatus\WebStatus.csproj", "{9A15A218-772A-477F-AE21-E13F35DA3B74}"
EndProject
Project("{9A19103F-16F7-4668-BE54-9A1E7A4F7556}") = "Basket.Api", "src\Services\Basket.Api\Basket.Api.csproj", "{A4B52F49-19D6-4435-B9C8-698155297E9E}"
EndProject
Project("{9A19103F-16F7-4668-BE54-9A1E7A4F7556}") = "Customer.Api", "src\Services\Customer.Api\Customer.Api.csproj", "{A6BDD65F-C964-40DD-8E3B-89655C610A37}"
EndProject
Project("{9A19103F-16F7-4668-BE54-9A1E7A4F7556}") = "Inventory.Api", "src\Services\Inventory.Api\Inventory.Api.csproj", "{822FB9CE-E07F-4D71-883B-B0F2443260D0}"
EndProject
Project("{9A19103F-16F7-4668-BE54-9A1E7A4F7556}") = "Order.Api", "src\Services\Order.Api\Order.Api.csproj", "{365B40D6-3825-4EAB-A0CB-D9D163FF9B99}"
EndProject
Project("{9A19103F-16F7-4668-BE54-9A1E7A4F7556}") = "Product.Api", "src\Services\Product.Api\Product.Api.csproj", "{03177CE0-A379-422A-819A-F558329FAD38}"
EndProject
Project("{9A19103F-16F7-4668-BE54-9A1E7A4F7556}") = "Hangfire.Api", "src\Services\Hangfire.Api\Hangfire.Api.csproj", "{C4034DC4-94FC-492A-8511-8DF859AF46C3}"
EndProject
Project("{9A19103F-16F7-4668-BE54-9A1E7A4F7556}") = "Contract", "src\BuildingBlocks\Contract\Contract.csproj", "{BCBB0EC3-B9C3-4E09-9D70-D2EC6A1128C2}"
EndProject
Project("{9A19103F-16F7-4668-BE54-9A1E7A4F7556}") = "Infrastructure", "src\BuildingBlocks\Infrastructure\Infrastructure.csproj", "{D7F6D51F-01DE-4CBE-99A7-EFE629296BCB}"
EndProject
Project("{9A19103F-16F7-4668-BE54-9A1E7A4F7556}") = "Shared", "src\BuildingBlocks\Shared\Shared.csproj", "{F0443A29-9A6C-45B0-B54D-DA143CB756EA}"
EndProject
Project("{9A19103F-16F7-4668-BE54-9A1E7A4F7556}") = "OcelotApiGateway", "src\ApiGateways\OcelotApiGateway\OcelotApiGateway.csproj", "{EA254752-3C62-4313-94A8-F97DF9D7C3A7}"
EndProject
Global
	GlobalSection(SolutionConfigurationPlatforms) = preSolution
		Debug|Any CPU = Debug|Any CPU
		Release|Any CPU = Release|Any CPU
	EndGlobalSection
	GlobalSection(ProjectConfigurationPlatforms) = postSolution
		{FA5BC64B-319A-4424-99B0-11713B93A1DE}.Debug|Any CPU.ActiveCfg = Debug|Any CPU
		{FA5BC64B-319A-4424-99B0-11713B93A1DE}.Debug|Any CPU.Build.0 = Debug|Any CPU
		{FA5BC64B-319A-4424-99B0-11713B93A1DE}.Release|Any CPU.ActiveCfg = Release|Any CPU
		{FA5BC64B-319A-4424-99B0-11713B93A1DE}.Release|Any CPU.Build.0 = Release|Any CPU
		{721F20BC-48E8-4EC2-AD96-5559A41F44BE}.Debug|Any CPU.ActiveCfg = Debug|Any CPU
		{721F20BC-48E8-4EC2-AD96-5559A41F44BE}.Debug|Any CPU.Build.0 = Debug|Any CPU
		{721F20BC-48E8-4EC2-AD96-5559A41F44BE}.Release|Any CPU.ActiveCfg = Release|Any CPU
		{721F20BC-48E8-4EC2-AD96-5559A41F44BE}.Release|Any CPU.Build.0 = Release|Any CPU
		{9A15A218-772A-477F-AE21-E13F35DA3B74}.Debug|Any CPU.ActiveCfg = Debug|Any CPU
		{9A15A218-772A-477F-AE21-E13F35DA3B74}.Debug|Any CPU.Build.0 = Debug|Any CPU
		{9A15A218-772A-477F-AE21-E13F35DA3B74}.Release|Any CPU.ActiveCfg = Release|Any CPU
		{9A15A218-772A-477F-AE21-E13F35DA3B74}.Release|Any CPU.Build.0 = Release|Any CPU
		{A4B52F49-19D6-4435-B9C8-698155297E9E}.Debug|Any CPU.ActiveCfg = Debug|Any CPU
		{A4B52F49-19D6-4435-B9C8-698155297E9E}.Debug|Any CPU.Build.0 = Debug|Any CPU
		{A4B52F49-19D6-4435-B9C8-698155297E9E}.Release|Any CPU.ActiveCfg = Release|Any CPU
		{A4B52F49-19D6-4435-B9C8-698155297E9E}.Release|Any CPU.Build.0 = Release|Any CPU
		{A6BDD65F-C964-40DD-8E3B-89655C610A37}.Debug|Any CPU.ActiveCfg = Debug|Any CPU
		{A6BDD65F-C964-40DD-8E3B-89655C610A37}.Debug|Any CPU.Build.0 = Debug|Any CPU
		{A6BDD65F-C964-40DD-8E3B-89655C610A37}.Release|Any CPU.ActiveCfg = Release|Any CPU
		{A6BDD65F-C964-40DD-8E3B-89655C610A37}.Release|Any CPU.Build.0 = Release|Any CPU
		{822FB9CE-E07F-4D71-883B-B0F2443260D0}.Debug|Any CPU.ActiveCfg = Debug|Any CPU
		{822FB9CE-E07F-4D71-883B-B0F2443260D0}.Debug|Any CPU.Build.0 = Debug|Any CPU
		{822FB9CE-E07F-4D71-883B-B0F2443260D0}.Release|Any CPU.ActiveCfg = Release|Any CPU
		{822FB9CE-E07F-4D71-883B-B0F2443260D0}.Release|Any CPU.Build.0 = Release|Any CPU
		{365B40D6-3825-4EAB-A0CB-D9D163FF9B99}.Debug|Any CPU.ActiveCfg = Debug|Any CPU
		{365B40D6-3825-4EAB-A0CB-D9D163FF9B99}.Debug|Any CPU.Build.0 = Debug|Any CPU
		{365B40D6-3825-4EAB-A0CB-D9D163FF9B99}.Release|Any CPU.ActiveCfg = Release|Any CPU
		{365B40D6-3825-4EAB-A0CB-D9D163FF9B99}.Release|Any CPU.Build.0 = Release|Any CPU
		{03177CE0-A379-422A-819A-F558329FAD38}.Debug|Any CPU.ActiveCfg = Debug|Any CPU
		{03177CE0-A379-422A-819A-F558329FAD38}.Debug|Any CPU.Build.0 = Debug|Any CPU
		{03177CE0-A379-422A-819A-F558329FAD38}.Release|Any CPU.ActiveCfg = Release|Any CPU
		{03177CE0-A379-422A-819A-F558329FAD38}.Release|Any CPU.Build.0 = Release|Any CPU
		{C4034DC4-94FC-492A-8511-8DF859AF46C3}.Debug|Any CPU.ActiveCfg = Debug|Any CPU
		{C4034DC4-94FC-492A-8511-8DF859AF46C3}.Debug|Any CPU.Build.0 = Debug|Any CPU
		{C4034DC4-94FC-492A-8511-8DF859AF46C3}.Release|Any CPU.ActiveCfg = Release|Any CPU
		{C4034DC4-94FC-492A-8511-8DF859AF46C3}.Release|Any CPU.Build.0 = Release|Any CPU
		{BCBB0EC3-B9C3-4E09-9D70-D2EC6A1128C2}.Debug|Any CPU.ActiveCfg = Debug|Any CPU
		{BCBB0EC3-B9C3-4E09-9D70-D2EC6A1128C2}.Debug|Any CPU.Build.0 = Debug|Any CPU
		{BCBB0EC3-B9C3-4E09-9D70-D2EC6A1128C2}.Release|Any CPU.ActiveCfg = Release|Any CPU
		{BCBB0EC3-B9C3-4E09-9D70-D2EC6A1128C2}.Release|Any CPU.Build.0 = Release|Any CPU
		{D7F6D51F-01DE-4CBE-99A7-EFE629296BCB}.Debug|Any CPU.ActiveCfg = Debug|Any CPU
		{D7F6D51F-01DE-4CBE-99A7-EFE629296BCB}.Debug|Any CPU.Build.0 = Debug|Any CPU
		{D7F6D51F-01DE-4CBE-99A7-EFE629296BCB}.Release|Any CPU.ActiveCfg = Release|Any CPU
		{D7F6D51F-01DE-4CBE-99A7-EFE629296BCB}.Release|Any CPU.Build.0 = Release|Any CPU
		{F0443A29-9A6C-45B0-B54D-DA143CB756EA}.Debug|Any CPU.ActiveCfg = Debug|Any CPU
		{F0443A29-9A6C-45B0-B54D-DA143CB756EA}.Debug|Any CPU.Build.0 = Debug|Any CPU
		{F0443A29-9A6C-45B0-B54D-DA143CB756EA}.Release|Any CPU.ActiveCfg = Release|Any CPU
		{F0443A29-9A6C-45B0-B54D-DA143CB756EA}.Release|Any CPU.Build.0 = Release|Any CPU
		{EA254752-3C62-4313-94A8-F97DF9D7C3A7}.Debug|Any CPU.ActiveCfg = Debug|Any CPU
		{EA254752-3C62-4313-94A8-F97DF9D7C3A7}.Debug|Any CPU.Build.0 = Debug|Any CPU
		{EA254752-3C62-4313-94A8-F97DF9D7C3A7}.Release|Any CPU.ActiveCfg = Release|Any CPU
		{EA254752-3C62-4313-94A8-F97DF9D7C3A7}.Release|Any CPU.Build.0 = Release|Any CPU
	EndGlobalSection
	GlobalSection(SolutionProperties) = preSolution
		HideSolutionNode = FALSE
	EndGlobalSection
	GlobalSection(NestedProjects) = preSolution
		{FA236D17-0446-4CB9-9246-A75560A93CAA} = {E5AEC538-D6FB-4600-8B36-DE6AD493B7D0}
		{3497F2B8-9E4E-4E64-A740-0CBA20A32AFE} = {E5AEC538-D6FB-4600-8B36-DE6AD493B7D0}
		{E038E009-73B0-4E48-B79F-CE9217FD39AF} = {E5AEC538-D6FB-4600-8B36-DE6AD493B7D0}
		{564BC925-4346-4D8E-88D9-66489EA4B9CE} = {E5AEC538-D6FB-4600-8B36-DE6AD493B7D0}
		{FA5BC64B-319A-4424-99B0-11713B93A1DE} = {3497F2B8-9E4E-4E64-A740-0CBA20A32AFE}
		{721F20BC-48E8-4EC2-AD96-5559A41F44BE} = {3497F2B8-9E4E-4E64-A740-0CBA20A32AFE}
		{9A15A218-772A-477F-AE21-E13F35DA3B74} = {E038E009-73B0-4E48-B79F-CE9217FD39AF}
		{A4B52F49-19D6-4435-B9C8-698155297E9E} = {564BC925-4346-4D8E-88D9-66489EA4B9CE}
		{A6BDD65F-C964-40DD-8E3B-89655C610A37} = {564BC925-4346-4D8E-88D9-66489EA4B9CE}
		{822FB9CE-E07F-4D71-883B-B0F2443260D0} = {564BC925-4346-4D8E-88D9-66489EA4B9CE}
		{365B40D6-3825-4EAB-A0CB-D9D163FF9B99} = {564BC925-4346-4D8E-88D9-66489EA4B9CE}
		{03177CE0-A379-422A-819A-F558329FAD38} = {564BC925-4346-4D8E-88D9-66489EA4B9CE}
		{C4034DC4-94FC-492A-8511-8DF859AF46C3} = {564BC925-4346-4D8E-88D9-66489EA4B9CE}
		{BCBB0EC3-B9C3-4E09-9D70-D2EC6A1128C2} = {3497F2B8-9E4E-4E64-A740-0CBA20A32AFE}
		{D7F6D51F-01DE-4CBE-99A7-EFE629296BCB} = {3497F2B8-9E4E-4E64-A740-0CBA20A32AFE}
		{F0443A29-9A6C-45B0-B54D-DA143CB756EA} = {3497F2B8-9E4E-4E64-A740-0CBA20A32AFE}
		{EA254752-3C62-4313-94A8-F97DF9D7C3A7} = {FA236D17-0446-4CB9-9246-A75560A93CAA}
	EndGlobalSection
	GlobalSection(ExtensibilityGlobals) = postSolution
		SolutionGuid = {BE9A5B3E-E6A0-48FD-BB4C-E8325C00E6E2}
	EndGlobalSection
EndGlobal
